// !$*UTF8*$!
{
	archiveVersion = 1;
	classes = {
	};
	objectVersion = 46;
	objects = {

/* Begin PBXBuildFile section */
		4A1052D11A07B8F900946485 /* JKNodeProtocol.h in CopyFiles */ = {isa = PBXBuildFile; fileRef = 4AA0F8281A06E11600E5756D /* JKNodeProtocol.h */; };
		4A1052D21A07B8F900946485 /* JKPluginProtocol.h in CopyFiles */ = {isa = PBXBuildFile; fileRef = 4A40F5E01A079E0500DF1CF3 /* JKPluginProtocol.h */; };
		4A1052D31A07B8F900946485 /* JKScene.h in CopyFiles */ = {isa = PBXBuildFile; fileRef = 4A40F5E11A07A94C00DF1CF3 /* JKScene.h */; };
		4A1BA0691A816A95009B63BF /* GDataXMLElement+elementForName.m in Sources */ = {isa = PBXBuildFile; fileRef = 4A1BA0681A816A95009B63BF /* GDataXMLElement+elementForName.m */; };
		4A3A38CA1A10F85D00C1FDAD /* JKPluginContactHandlerBase.m in Sources */ = {isa = PBXBuildFile; fileRef = 4A3A38C91A10F85D00C1FDAD /* JKPluginContactHandlerBase.m */; };
		4A40F5E31A07A94C00DF1CF3 /* JKScene.m in Sources */ = {isa = PBXBuildFile; fileRef = 4A40F5E21A07A94C00DF1CF3 /* JKScene.m */; };
		4A4296761A7E39AB008DFC13 /* GDataXMLNode.m in Sources */ = {isa = PBXBuildFile; fileRef = 4A4296751A7E39AB008DFC13 /* GDataXMLNode.m */; settings = {COMPILER_FLAGS = "-fno-objc-arc"; }; };
		4A4296801A7E39F4008DFC13 /* JKFileHelper.m in Sources */ = {isa = PBXBuildFile; fileRef = 4A4296791A7E39F4008DFC13 /* JKFileHelper.m */; };
		4A4296821A7E39F4008DFC13 /* JKXMLHelper.m in Sources */ = {isa = PBXBuildFile; fileRef = 4A42967D1A7E39F4008DFC13 /* JKXMLHelper.m */; };
		4A4296831A7E39F4008DFC13 /* JKObjectXML.m in Sources */ = {isa = PBXBuildFile; fileRef = 4A42967F1A7E39F4008DFC13 /* JKObjectXML.m */; };
		4A42968F1A8012F2008DFC13 /* JKNodeFactory.m in Sources */ = {isa = PBXBuildFile; fileRef = 4A42968E1A8012F2008DFC13 /* JKNodeFactory.m */; };
		4A94AFA51A07FAF60067AB66 /* JKNode.m in Sources */ = {isa = PBXBuildFile; fileRef = 4A94AFA41A07FAF60067AB66 /* JKNode.m */; };
		4A94AFA81A080C930067AB66 /* JKGameScene.m in Sources */ = {isa = PBXBuildFile; fileRef = 4A94AFA71A080C930067AB66 /* JKGameScene.m */; };
		4A94AFAB1A080CDA0067AB66 /* JKWorldNode.m in Sources */ = {isa = PBXBuildFile; fileRef = 4A94AFAA1A080CDA0067AB66 /* JKWorldNode.m */; };
		4A94AFAF1A080D0F0067AB66 /* JKHudNode.m in Sources */ = {isa = PBXBuildFile; fileRef = 4A94AFAE1A080D0F0067AB66 /* JKHudNode.m */; };
		4A94AFB21A080D1D0067AB66 /* JKCameraNode.m in Sources */ = {isa = PBXBuildFile; fileRef = 4A94AFB11A080D1D0067AB66 /* JKCameraNode.m */; };
		4A94AFB51A080EB10067AB66 /* JKSpriteNode.m in Sources */ = {isa = PBXBuildFile; fileRef = 4A94AFB41A080EB10067AB66 /* JKSpriteNode.m */; };
		4A94AFB81A080FE40067AB66 /* JKGameNode.m in Sources */ = {isa = PBXBuildFile; fileRef = 4A94AFB71A080FE40067AB66 /* JKGameNode.m */; };
		4A94AFBF1A0814050067AB66 /* JKPluginBase.m in Sources */ = {isa = PBXBuildFile; fileRef = 4A94AFBE1A0814050067AB66 /* JKPluginBase.m */; };
		4A94AFC21A0819E90067AB66 /* JKPluginCtrlBase.m in Sources */ = {isa = PBXBuildFile; fileRef = 4A94AFC11A0819E90067AB66 /* JKPluginCtrlBase.m */; };
		4A94AFCA1A0827E00067AB66 /* JKPluginTouchDispatcher.m in Sources */ = {isa = PBXBuildFile; fileRef = 4A94AFC71A0827E00067AB66 /* JKPluginTouchDispatcher.m */; };
		4A94AFCB1A0827E00067AB66 /* JKPluginTouchHandlerBase.m in Sources */ = {isa = PBXBuildFile; fileRef = 4A94AFC91A0827E00067AB66 /* JKPluginTouchHandlerBase.m */; };
		4A94AFE51A0913200067AB66 /* JKTextureCache.m in Sources */ = {isa = PBXBuildFile; fileRef = 4A94AFE41A0913200067AB66 /* JKTextureCache.m */; };
		4A94AFE81A0913920067AB66 /* JKOrderedDictionary.m in Sources */ = {isa = PBXBuildFile; fileRef = 4A94AFE71A0913920067AB66 /* JKOrderedDictionary.m */; };
		4A94AFEC1A095FCF0067AB66 /* JKPluginAnimationBase.m in Sources */ = {isa = PBXBuildFile; fileRef = 4A94AFEB1A095FCF0067AB66 /* JKPluginAnimationBase.m */; };
		4AA0F8181A06DEC600E5756D /* libJKGameKit.a in Frameworks */ = {isa = PBXBuildFile; fileRef = 4AA0F80C1A06DEC600E5756D /* libJKGameKit.a */; };
		4ABF50AE1A126281006CD964 /* JKShadowedLabelNode.m in Sources */ = {isa = PBXBuildFile; fileRef = 4ABF50AD1A126281006CD964 /* JKShadowedLabelNode.m */; };
		4AC616CA1A5C0AAB00E56184 /* SKTexture+PatternAddition.m in Sources */ = {isa = PBXBuildFile; fileRef = 4AC616C91A5C0AAB00E56184 /* SKTexture+PatternAddition.m */; };
/* End PBXBuildFile section */

/* Begin PBXContainerItemProxy section */
		4AA0F8191A06DEC600E5756D /* PBXContainerItemProxy */ = {
			isa = PBXContainerItemProxy;
			containerPortal = 4AA0F8041A06DEC600E5756D /* Project object */;
			proxyType = 1;
			remoteGlobalIDString = 4AA0F80B1A06DEC600E5756D;
			remoteInfo = JKGameKit;
		};
/* End PBXContainerItemProxy section */

/* Begin PBXCopyFilesBuildPhase section */
		4AA0F80A1A06DEC600E5756D /* CopyFiles */ = {
			isa = PBXCopyFilesBuildPhase;
			buildActionMask = 2147483647;
			dstPath = "include/$(PRODUCT_NAME)";
			dstSubfolderSpec = 16;
			files = (
				4A1052D11A07B8F900946485 /* JKNodeProtocol.h in CopyFiles */,
				4A1052D21A07B8F900946485 /* JKPluginProtocol.h in CopyFiles */,
				4A1052D31A07B8F900946485 /* JKScene.h in CopyFiles */,
			);
			runOnlyForDeploymentPostprocessing = 0;
		};
/* End PBXCopyFilesBuildPhase section */

/* Begin PBXFileReference section */
		4A1BA0591A80232E009B63BF /* libxml2.dylib */ = {isa = PBXFileReference; lastKnownFileType = "compiled.mach-o.dylib"; name = libxml2.dylib; path = usr/lib/libxml2.dylib; sourceTree = SDKROOT; };
		4A1BA0671A816A95009B63BF /* GDataXMLElement+elementForName.h */ = {isa = PBXFileReference; fileEncoding = 4; lastKnownFileType = sourcecode.c.h; path = "GDataXMLElement+elementForName.h"; sourceTree = "<group>"; };
		4A1BA0681A816A95009B63BF /* GDataXMLElement+elementForName.m */ = {isa = PBXFileReference; fileEncoding = 4; lastKnownFileType = sourcecode.c.objc; path = "GDataXMLElement+elementForName.m"; sourceTree = "<group>"; };
		4A3A38C81A10F85D00C1FDAD /* JKPluginContactHandlerBase.h */ = {isa = PBXFileReference; fileEncoding = 4; lastKnownFileType = sourcecode.c.h; path = JKPluginContactHandlerBase.h; sourceTree = "<group>"; };
		4A3A38C91A10F85D00C1FDAD /* JKPluginContactHandlerBase.m */ = {isa = PBXFileReference; fileEncoding = 4; lastKnownFileType = sourcecode.c.objc; path = JKPluginContactHandlerBase.m; sourceTree = "<group>"; };
		4A40F5E01A079E0500DF1CF3 /* JKPluginProtocol.h */ = {isa = PBXFileReference; fileEncoding = 4; lastKnownFileType = sourcecode.c.h; path = JKPluginProtocol.h; sourceTree = "<group>"; };
		4A40F5E11A07A94C00DF1CF3 /* JKScene.h */ = {isa = PBXFileReference; fileEncoding = 4; lastKnownFileType = sourcecode.c.h; path = JKScene.h; sourceTree = "<group>"; };
		4A40F5E21A07A94C00DF1CF3 /* JKScene.m */ = {isa = PBXFileReference; fileEncoding = 4; lastKnownFileType = sourcecode.c.objc; path = JKScene.m; sourceTree = "<group>"; };
		4A4296701A7E3980008DFC13 /* libxml2.2.dylib */ = {isa = PBXFileReference; lastKnownFileType = "compiled.mach-o.dylib"; name = libxml2.2.dylib; path = usr/lib/libxml2.2.dylib; sourceTree = SDKROOT; };
		4A4296741A7E39AB008DFC13 /* GDataXMLNode.h */ = {isa = PBXFileReference; fileEncoding = 4; lastKnownFileType = sourcecode.c.h; path = GDataXMLNode.h; sourceTree = "<group>"; };
		4A4296751A7E39AB008DFC13 /* GDataXMLNode.m */ = {isa = PBXFileReference; fileEncoding = 4; lastKnownFileType = sourcecode.c.objc; path = GDataXMLNode.m; sourceTree = "<group>"; };
		4A4296781A7E39F4008DFC13 /* JKFileHelper.h */ = {isa = PBXFileReference; fileEncoding = 4; lastKnownFileType = sourcecode.c.h; path = JKFileHelper.h; sourceTree = "<group>"; };
		4A4296791A7E39F4008DFC13 /* JKFileHelper.m */ = {isa = PBXFileReference; fileEncoding = 4; lastKnownFileType = sourcecode.c.objc; path = JKFileHelper.m; sourceTree = "<group>"; };
		4A42967C1A7E39F4008DFC13 /* JKXMLHelper.h */ = {isa = PBXFileReference; fileEncoding = 4; lastKnownFileType = sourcecode.c.h; path = JKXMLHelper.h; sourceTree = "<group>"; };
		4A42967D1A7E39F4008DFC13 /* JKXMLHelper.m */ = {isa = PBXFileReference; fileEncoding = 4; lastKnownFileType = sourcecode.c.objc; path = JKXMLHelper.m; sourceTree = "<group>"; };
		4A42967E1A7E39F4008DFC13 /* JKObjectXML.h */ = {isa = PBXFileReference; fileEncoding = 4; lastKnownFileType = sourcecode.c.h; path = JKObjectXML.h; sourceTree = "<group>"; };
		4A42967F1A7E39F4008DFC13 /* JKObjectXML.m */ = {isa = PBXFileReference; fileEncoding = 4; lastKnownFileType = sourcecode.c.objc; path = JKObjectXML.m; sourceTree = "<group>"; };
		4A42968D1A8012F2008DFC13 /* JKNodeFactory.h */ = {isa = PBXFileReference; fileEncoding = 4; lastKnownFileType = sourcecode.c.h; path = JKNodeFactory.h; sourceTree = "<group>"; };
		4A42968E1A8012F2008DFC13 /* JKNodeFactory.m */ = {isa = PBXFileReference; fileEncoding = 4; lastKnownFileType = sourcecode.c.objc; path = JKNodeFactory.m; sourceTree = "<group>"; };
		4A94AFA31A07FAF60067AB66 /* JKNode.h */ = {isa = PBXFileReference; fileEncoding = 4; lastKnownFileType = sourcecode.c.h; path = JKNode.h; sourceTree = "<group>"; };
		4A94AFA41A07FAF60067AB66 /* JKNode.m */ = {isa = PBXFileReference; fileEncoding = 4; lastKnownFileType = sourcecode.c.objc; path = JKNode.m; sourceTree = "<group>"; };
		4A94AFA61A080C930067AB66 /* JKGameScene.h */ = {isa = PBXFileReference; fileEncoding = 4; lastKnownFileType = sourcecode.c.h; path = JKGameScene.h; sourceTree = "<group>"; };
		4A94AFA71A080C930067AB66 /* JKGameScene.m */ = {isa = PBXFileReference; fileEncoding = 4; lastKnownFileType = sourcecode.c.objc; path = JKGameScene.m; sourceTree = "<group>"; };
		4A94AFA91A080CDA0067AB66 /* JKWorldNode.h */ = {isa = PBXFileReference; fileEncoding = 4; lastKnownFileType = sourcecode.c.h; path = JKWorldNode.h; sourceTree = "<group>"; };
		4A94AFAA1A080CDA0067AB66 /* JKWorldNode.m */ = {isa = PBXFileReference; fileEncoding = 4; lastKnownFileType = sourcecode.c.objc; path = JKWorldNode.m; sourceTree = "<group>"; };
		4A94AFAD1A080D0F0067AB66 /* JKHudNode.h */ = {isa = PBXFileReference; fileEncoding = 4; lastKnownFileType = sourcecode.c.h; path = JKHudNode.h; sourceTree = "<group>"; };
		4A94AFAE1A080D0F0067AB66 /* JKHudNode.m */ = {isa = PBXFileReference; fileEncoding = 4; lastKnownFileType = sourcecode.c.objc; path = JKHudNode.m; sourceTree = "<group>"; };
		4A94AFB01A080D1D0067AB66 /* JKCameraNode.h */ = {isa = PBXFileReference; fileEncoding = 4; lastKnownFileType = sourcecode.c.h; path = JKCameraNode.h; sourceTree = "<group>"; };
		4A94AFB11A080D1D0067AB66 /* JKCameraNode.m */ = {isa = PBXFileReference; fileEncoding = 4; lastKnownFileType = sourcecode.c.objc; path = JKCameraNode.m; sourceTree = "<group>"; };
		4A94AFB31A080EB10067AB66 /* JKSpriteNode.h */ = {isa = PBXFileReference; fileEncoding = 4; lastKnownFileType = sourcecode.c.h; path = JKSpriteNode.h; sourceTree = "<group>"; };
		4A94AFB41A080EB10067AB66 /* JKSpriteNode.m */ = {isa = PBXFileReference; fileEncoding = 4; lastKnownFileType = sourcecode.c.objc; path = JKSpriteNode.m; sourceTree = "<group>"; };
		4A94AFB61A080FE40067AB66 /* JKGameNode.h */ = {isa = PBXFileReference; fileEncoding = 4; lastKnownFileType = sourcecode.c.h; path = JKGameNode.h; sourceTree = "<group>"; };
		4A94AFB71A080FE40067AB66 /* JKGameNode.m */ = {isa = PBXFileReference; fileEncoding = 4; lastKnownFileType = sourcecode.c.objc; path = JKGameNode.m; sourceTree = "<group>"; };
		4A94AFBD1A0814050067AB66 /* JKPluginBase.h */ = {isa = PBXFileReference; fileEncoding = 4; lastKnownFileType = sourcecode.c.h; path = JKPluginBase.h; sourceTree = "<group>"; };
		4A94AFBE1A0814050067AB66 /* JKPluginBase.m */ = {isa = PBXFileReference; fileEncoding = 4; lastKnownFileType = sourcecode.c.objc; path = JKPluginBase.m; sourceTree = "<group>"; };
		4A94AFC01A0819E90067AB66 /* JKPluginCtrlBase.h */ = {isa = PBXFileReference; fileEncoding = 4; lastKnownFileType = sourcecode.c.h; path = JKPluginCtrlBase.h; sourceTree = "<group>"; };
		4A94AFC11A0819E90067AB66 /* JKPluginCtrlBase.m */ = {isa = PBXFileReference; fileEncoding = 4; lastKnownFileType = sourcecode.c.objc; path = JKPluginCtrlBase.m; sourceTree = "<group>"; };
		4A94AFC51A0824A30067AB66 /* JKUtils.h */ = {isa = PBXFileReference; fileEncoding = 4; lastKnownFileType = sourcecode.c.h; path = JKUtils.h; sourceTree = "<group>"; };
		4A94AFC61A0827E00067AB66 /* JKPluginTouchDispatcher.h */ = {isa = PBXFileReference; fileEncoding = 4; lastKnownFileType = sourcecode.c.h; path = JKPluginTouchDispatcher.h; sourceTree = "<group>"; };
		4A94AFC71A0827E00067AB66 /* JKPluginTouchDispatcher.m */ = {isa = PBXFileReference; fileEncoding = 4; lastKnownFileType = sourcecode.c.objc; path = JKPluginTouchDispatcher.m; sourceTree = "<group>"; };
		4A94AFC81A0827E00067AB66 /* JKPluginTouchHandlerBase.h */ = {isa = PBXFileReference; fileEncoding = 4; lastKnownFileType = sourcecode.c.h; path = JKPluginTouchHandlerBase.h; sourceTree = "<group>"; };
		4A94AFC91A0827E00067AB66 /* JKPluginTouchHandlerBase.m */ = {isa = PBXFileReference; fileEncoding = 4; lastKnownFileType = sourcecode.c.objc; path = JKPluginTouchHandlerBase.m; sourceTree = "<group>"; };
		4A94AFCC1A082CCB0067AB66 /* JKTouchHandlerProtocol.h */ = {isa = PBXFileReference; fileEncoding = 4; lastKnownFileType = sourcecode.c.h; path = JKTouchHandlerProtocol.h; sourceTree = "<group>"; };
		4A94AFD21A08FAB80067AB66 /* JKGameKit.h */ = {isa = PBXFileReference; lastKnownFileType = sourcecode.c.h; path = JKGameKit.h; sourceTree = "<group>"; };
		4A94AFE31A0913200067AB66 /* JKTextureCache.h */ = {isa = PBXFileReference; fileEncoding = 4; lastKnownFileType = sourcecode.c.h; path = JKTextureCache.h; sourceTree = "<group>"; };
		4A94AFE41A0913200067AB66 /* JKTextureCache.m */ = {isa = PBXFileReference; fileEncoding = 4; lastKnownFileType = sourcecode.c.objc; path = JKTextureCache.m; sourceTree = "<group>"; };
		4A94AFE61A0913920067AB66 /* JKOrderedDictionary.h */ = {isa = PBXFileReference; fileEncoding = 4; lastKnownFileType = sourcecode.c.h; path = JKOrderedDictionary.h; sourceTree = "<group>"; };
		4A94AFE71A0913920067AB66 /* JKOrderedDictionary.m */ = {isa = PBXFileReference; fileEncoding = 4; lastKnownFileType = sourcecode.c.objc; path = JKOrderedDictionary.m; sourceTree = "<group>"; };
		4A94AFE91A094A480067AB66 /* JKDefines.h */ = {isa = PBXFileReference; lastKnownFileType = sourcecode.c.h; path = JKDefines.h; sourceTree = "<group>"; };
		4A94AFEA1A095FCF0067AB66 /* JKPluginAnimationBase.h */ = {isa = PBXFileReference; fileEncoding = 4; lastKnownFileType = sourcecode.c.h; path = JKPluginAnimationBase.h; sourceTree = "<group>"; };
		4A94AFEB1A095FCF0067AB66 /* JKPluginAnimationBase.m */ = {isa = PBXFileReference; fileEncoding = 4; lastKnownFileType = sourcecode.c.objc; path = JKPluginAnimationBase.m; sourceTree = "<group>"; };
		4AA0F80C1A06DEC600E5756D /* libJKGameKit.a */ = {isa = PBXFileReference; explicitFileType = archive.ar; includeInIndex = 0; path = libJKGameKit.a; sourceTree = BUILT_PRODUCTS_DIR; };
		4AA0F8171A06DEC600E5756D /* JKGameKitTests.xctest */ = {isa = PBXFileReference; explicitFileType = wrapper.cfbundle; includeInIndex = 0; path = JKGameKitTests.xctest; sourceTree = BUILT_PRODUCTS_DIR; };
		4AA0F81D1A06DEC600E5756D /* Info.plist */ = {isa = PBXFileReference; lastKnownFileType = text.plist.xml; path = Info.plist; sourceTree = "<group>"; };
		4AA0F8281A06E11600E5756D /* JKNodeProtocol.h */ = {isa = PBXFileReference; fileEncoding = 4; lastKnownFileType = sourcecode.c.h; path = JKNodeProtocol.h; sourceTree = "<group>"; };
		4ABF50AC1A126281006CD964 /* JKShadowedLabelNode.h */ = {isa = PBXFileReference; fileEncoding = 4; lastKnownFileType = sourcecode.c.h; path = JKShadowedLabelNode.h; sourceTree = "<group>"; };
		4ABF50AD1A126281006CD964 /* JKShadowedLabelNode.m */ = {isa = PBXFileReference; fileEncoding = 4; lastKnownFileType = sourcecode.c.objc; path = JKShadowedLabelNode.m; sourceTree = "<group>"; };
		4ABF50BD1A176352006CD964 /* JKContactHandlerProtocol.h */ = {isa = PBXFileReference; lastKnownFileType = sourcecode.c.h; path = JKContactHandlerProtocol.h; sourceTree = "<group>"; };
		4AC616C81A5C0AAB00E56184 /* SKTexture+PatternAddition.h */ = {isa = PBXFileReference; fileEncoding = 4; lastKnownFileType = sourcecode.c.h; path = "SKTexture+PatternAddition.h"; sourceTree = "<group>"; };
		4AC616C91A5C0AAB00E56184 /* SKTexture+PatternAddition.m */ = {isa = PBXFileReference; fileEncoding = 4; lastKnownFileType = sourcecode.c.objc; path = "SKTexture+PatternAddition.m"; sourceTree = "<group>"; };
/* End PBXFileReference section */

/* Begin PBXFrameworksBuildPhase section */
		4AA0F8091A06DEC600E5756D /* Frameworks */ = {
			isa = PBXFrameworksBuildPhase;
			buildActionMask = 2147483647;
			files = (
			);
			runOnlyForDeploymentPostprocessing = 0;
		};
		4AA0F8141A06DEC600E5756D /* Frameworks */ = {
			isa = PBXFrameworksBuildPhase;
			buildActionMask = 2147483647;
			files = (
				4AA0F8181A06DEC600E5756D /* libJKGameKit.a in Frameworks */,
			);
			runOnlyForDeploymentPostprocessing = 0;
		};
/* End PBXFrameworksBuildPhase section */

/* Begin PBXGroup section */
		4A4296721A7E398E008DFC13 /* Libs */ = {
			isa = PBXGroup;
			children = (
				4A4296731A7E39A1008DFC13 /* XML */,
			);
			name = Libs;
			sourceTree = "<group>";
		};
		4A4296731A7E39A1008DFC13 /* XML */ = {
			isa = PBXGroup;
			children = (
				4A4296701A7E3980008DFC13 /* libxml2.2.dylib */,
				4A4296741A7E39AB008DFC13 /* GDataXMLNode.h */,
				4A4296751A7E39AB008DFC13 /* GDataXMLNode.m */,
			);
			name = XML;
			sourceTree = "<group>";
		};
		4A4296771A7E39E1008DFC13 /* Common */ = {
			isa = PBXGroup;
			children = (
				4A4296781A7E39F4008DFC13 /* JKFileHelper.h */,
				4A4296791A7E39F4008DFC13 /* JKFileHelper.m */,
				4A42967C1A7E39F4008DFC13 /* JKXMLHelper.h */,
				4A42967D1A7E39F4008DFC13 /* JKXMLHelper.m */,
				4A42967E1A7E39F4008DFC13 /* JKObjectXML.h */,
				4A42967F1A7E39F4008DFC13 /* JKObjectXML.m */,
				4A42968D1A8012F2008DFC13 /* JKNodeFactory.h */,
				4A42968E1A8012F2008DFC13 /* JKNodeFactory.m */,
			);
			name = Common;
			sourceTree = "<group>";
		};
		4A94AF741A07BD0E0067AB66 /* Classes */ = {
			isa = PBXGroup;
			children = (
				4A94AFC51A0824A30067AB66 /* JKUtils.h */,
				4A94AFE31A0913200067AB66 /* JKTextureCache.h */,
				4A94AFE41A0913200067AB66 /* JKTextureCache.m */,
				4A94AFC31A081AC50067AB66 /* Scenes */,
				4A94AFAC1A080CE70067AB66 /* Nodes */,
				4A94AFBC1A0813EE0067AB66 /* Plugins */,
			);
			name = Classes;
			sourceTree = "<group>";
		};
		4A94AFAC1A080CE70067AB66 /* Nodes */ = {
			isa = PBXGroup;
			children = (
				4ABF50AC1A126281006CD964 /* JKShadowedLabelNode.h */,
				4ABF50AD1A126281006CD964 /* JKShadowedLabelNode.m */,
				4A94AFA31A07FAF60067AB66 /* JKNode.h */,
				4A94AFA41A07FAF60067AB66 /* JKNode.m */,
				4A94AFB31A080EB10067AB66 /* JKSpriteNode.h */,
				4A94AFB41A080EB10067AB66 /* JKSpriteNode.m */,
				4A94AFB61A080FE40067AB66 /* JKGameNode.h */,
				4A94AFB71A080FE40067AB66 /* JKGameNode.m */,
				4A94AFA91A080CDA0067AB66 /* JKWorldNode.h */,
				4A94AFAA1A080CDA0067AB66 /* JKWorldNode.m */,
				4A94AFAD1A080D0F0067AB66 /* JKHudNode.h */,
				4A94AFAE1A080D0F0067AB66 /* JKHudNode.m */,
				4A94AFB01A080D1D0067AB66 /* JKCameraNode.h */,
				4A94AFB11A080D1D0067AB66 /* JKCameraNode.m */,
			);
			name = Nodes;
			sourceTree = "<group>";
		};
		4A94AFBC1A0813EE0067AB66 /* Plugins */ = {
			isa = PBXGroup;
			children = (
				4A94AFBD1A0814050067AB66 /* JKPluginBase.h */,
				4A94AFBE1A0814050067AB66 /* JKPluginBase.m */,
				4A94AFC61A0827E00067AB66 /* JKPluginTouchDispatcher.h */,
				4A94AFC71A0827E00067AB66 /* JKPluginTouchDispatcher.m */,
				4A94AFC81A0827E00067AB66 /* JKPluginTouchHandlerBase.h */,
				4A94AFC91A0827E00067AB66 /* JKPluginTouchHandlerBase.m */,
				4A94AFC01A0819E90067AB66 /* JKPluginCtrlBase.h */,
				4A94AFC11A0819E90067AB66 /* JKPluginCtrlBase.m */,
				4A94AFEA1A095FCF0067AB66 /* JKPluginAnimationBase.h */,
				4A94AFEB1A095FCF0067AB66 /* JKPluginAnimationBase.m */,
				4A3A38C81A10F85D00C1FDAD /* JKPluginContactHandlerBase.h */,
				4A3A38C91A10F85D00C1FDAD /* JKPluginContactHandlerBase.m */,
			);
			name = Plugins;
			sourceTree = "<group>";
		};
		4A94AFC31A081AC50067AB66 /* Scenes */ = {
			isa = PBXGroup;
			children = (
				4A40F5E11A07A94C00DF1CF3 /* JKScene.h */,
				4A40F5E21A07A94C00DF1CF3 /* JKScene.m */,
				4A94AFA61A080C930067AB66 /* JKGameScene.h */,
				4A94AFA71A080C930067AB66 /* JKGameScene.m */,
			);
			name = Scenes;
			sourceTree = "<group>";
		};
		4AA0F8031A06DEC600E5756D = {
			isa = PBXGroup;
			children = (
				4A1BA0591A80232E009B63BF /* libxml2.dylib */,
				4AA0F80E1A06DEC600E5756D /* JKGameKit */,
				4AA0F81B1A06DEC600E5756D /* JKGameKitTests */,
				4A4296721A7E398E008DFC13 /* Libs */,
				4AA0F80D1A06DEC600E5756D /* Products */,
			);
			sourceTree = "<group>";
		};
		4AA0F80D1A06DEC600E5756D /* Products */ = {
			isa = PBXGroup;
			children = (
				4AA0F80C1A06DEC600E5756D /* libJKGameKit.a */,
				4AA0F8171A06DEC600E5756D /* JKGameKitTests.xctest */,
			);
			name = Products;
			sourceTree = "<group>";
		};
		4AA0F80E1A06DEC600E5756D /* JKGameKit */ = {
			isa = PBXGroup;
			children = (
				4A94AFD21A08FAB80067AB66 /* JKGameKit.h */,
				4A94AFE91A094A480067AB66 /* JKDefines.h */,
				4A4296771A7E39E1008DFC13 /* Common */,
				4AC616C71A5C0A8E00E56184 /* Categories */,
				4AA0F8291A06E11B00E5756D /* Protocols */,
				4A94AF741A07BD0E0067AB66 /* Classes */,
			);
			path = JKGameKit;
			sourceTree = "<group>";
		};
		4AA0F81B1A06DEC600E5756D /* JKGameKitTests */ = {
			isa = PBXGroup;
			children = (
				4AA0F81C1A06DEC600E5756D /* Supporting Files */,
			);
			path = JKGameKitTests;
			sourceTree = "<group>";
		};
		4AA0F81C1A06DEC600E5756D /* Supporting Files */ = {
			isa = PBXGroup;
			children = (
				4AA0F81D1A06DEC600E5756D /* Info.plist */,
			);
			name = "Supporting Files";
			sourceTree = "<group>";
		};
		4AA0F8291A06E11B00E5756D /* Protocols */ = {
			isa = PBXGroup;
			children = (
				4A94AFE61A0913920067AB66 /* JKOrderedDictionary.h */,
				4A94AFE71A0913920067AB66 /* JKOrderedDictionary.m */,
				4AA0F8281A06E11600E5756D /* JKNodeProtocol.h */,
				4A40F5E01A079E0500DF1CF3 /* JKPluginProtocol.h */,
				4A94AFCC1A082CCB0067AB66 /* JKTouchHandlerProtocol.h */,
				4ABF50BD1A176352006CD964 /* JKContactHandlerProtocol.h */,
			);
			name = Protocols;
			sourceTree = "<group>";
		};
		4AC616C71A5C0A8E00E56184 /* Categories */ = {
			isa = PBXGroup;
			children = (
				4A1BA0671A816A95009B63BF /* GDataXMLElement+elementForName.h */,
				4A1BA0681A816A95009B63BF /* GDataXMLElement+elementForName.m */,
				4AC616C81A5C0AAB00E56184 /* SKTexture+PatternAddition.h */,
				4AC616C91A5C0AAB00E56184 /* SKTexture+PatternAddition.m */,
			);
			name = Categories;
			sourceTree = "<group>";
		};
/* End PBXGroup section */

/* Begin PBXNativeTarget section */
		4AA0F80B1A06DEC600E5756D /* JKGameKit */ = {
			isa = PBXNativeTarget;
			buildConfigurationList = 4AA0F8201A06DEC600E5756D /* Build configuration list for PBXNativeTarget "JKGameKit" */;
			buildPhases = (
				4AA0F8081A06DEC600E5756D /* Sources */,
				4AA0F8091A06DEC600E5756D /* Frameworks */,
				4AA0F80A1A06DEC600E5756D /* CopyFiles */,
			);
			buildRules = (
			);
			dependencies = (
			);
			name = JKGameKit;
			productName = JKGameKit;
			productReference = 4AA0F80C1A06DEC600E5756D /* libJKGameKit.a */;
			productType = "com.apple.product-type.library.static";
		};
		4AA0F8161A06DEC600E5756D /* JKGameKitTests */ = {
			isa = PBXNativeTarget;
			buildConfigurationList = 4AA0F8231A06DEC600E5756D /* Build configuration list for PBXNativeTarget "JKGameKitTests" */;
			buildPhases = (
				4AA0F8131A06DEC600E5756D /* Sources */,
				4AA0F8141A06DEC600E5756D /* Frameworks */,
				4AA0F8151A06DEC600E5756D /* Resources */,
			);
			buildRules = (
			);
			dependencies = (
				4AA0F81A1A06DEC600E5756D /* PBXTargetDependency */,
			);
			name = JKGameKitTests;
			productName = JKGameKitTests;
			productReference = 4AA0F8171A06DEC600E5756D /* JKGameKitTests.xctest */;
			productType = "com.apple.product-type.bundle.unit-test";
		};
/* End PBXNativeTarget section */

/* Begin PBXProject section */
		4AA0F8041A06DEC600E5756D /* Project object */ = {
			isa = PBXProject;
			attributes = {
				LastUpgradeCheck = 0610;
				ORGANIZATIONNAME = Kallio;
				TargetAttributes = {
					4AA0F80B1A06DEC600E5756D = {
						CreatedOnToolsVersion = 6.1;
					};
					4AA0F8161A06DEC600E5756D = {
						CreatedOnToolsVersion = 6.1;
					};
				};
			};
			buildConfigurationList = 4AA0F8071A06DEC600E5756D /* Build configuration list for PBXProject "JKGameKit" */;
			compatibilityVersion = "Xcode 3.2";
			developmentRegion = English;
			hasScannedForEncodings = 0;
			knownRegions = (
				en,
			);
			mainGroup = 4AA0F8031A06DEC600E5756D;
			productRefGroup = 4AA0F80D1A06DEC600E5756D /* Products */;
			projectDirPath = "";
			projectRoot = "";
			targets = (
				4AA0F80B1A06DEC600E5756D /* JKGameKit */,
				4AA0F8161A06DEC600E5756D /* JKGameKitTests */,
			);
		};
/* End PBXProject section */

/* Begin PBXResourcesBuildPhase section */
		4AA0F8151A06DEC600E5756D /* Resources */ = {
			isa = PBXResourcesBuildPhase;
			buildActionMask = 2147483647;
			files = (
			);
			runOnlyForDeploymentPostprocessing = 0;
		};
/* End PBXResourcesBuildPhase section */

/* Begin PBXSourcesBuildPhase section */
		4AA0F8081A06DEC600E5756D /* Sources */ = {
			isa = PBXSourcesBuildPhase;
			buildActionMask = 2147483647;
			files = (
				4A94AFA81A080C930067AB66 /* JKGameScene.m in Sources */,
				4A94AFEC1A095FCF0067AB66 /* JKPluginAnimationBase.m in Sources */,
				4A94AFB21A080D1D0067AB66 /* JKCameraNode.m in Sources */,
				4A4296761A7E39AB008DFC13 /* GDataXMLNode.m in Sources */,
				4A94AFB51A080EB10067AB66 /* JKSpriteNode.m in Sources */,
				4A94AFE51A0913200067AB66 /* JKTextureCache.m in Sources */,
				4A3A38CA1A10F85D00C1FDAD /* JKPluginContactHandlerBase.m in Sources */,
				4A94AFE81A0913920067AB66 /* JKOrderedDictionary.m in Sources */,
				4A94AFA51A07FAF60067AB66 /* JKNode.m in Sources */,
				4A94AFB81A080FE40067AB66 /* JKGameNode.m in Sources */,
				4A94AFBF1A0814050067AB66 /* JKPluginBase.m in Sources */,
				4A94AFCA1A0827E00067AB66 /* JKPluginTouchDispatcher.m in Sources */,
				4A40F5E31A07A94C00DF1CF3 /* JKScene.m in Sources */,
				4A94AFC21A0819E90067AB66 /* JKPluginCtrlBase.m in Sources */,
				4A4296821A7E39F4008DFC13 /* JKXMLHelper.m in Sources */,
				4ABF50AE1A126281006CD964 /* JKShadowedLabelNode.m in Sources */,
				4A1BA0691A816A95009B63BF /* GDataXMLElement+elementForName.m in Sources */,
				4A4296801A7E39F4008DFC13 /* JKFileHelper.m in Sources */,
				4A42968F1A8012F2008DFC13 /* JKNodeFactory.m in Sources */,
				4A4296831A7E39F4008DFC13 /* JKObjectXML.m in Sources */,
				4AC616CA1A5C0AAB00E56184 /* SKTexture+PatternAddition.m in Sources */,
				4A94AFCB1A0827E00067AB66 /* JKPluginTouchHandlerBase.m in Sources */,
				4A94AFAF1A080D0F0067AB66 /* JKHudNode.m in Sources */,
				4A94AFAB1A080CDA0067AB66 /* JKWorldNode.m in Sources */,
			);
			runOnlyForDeploymentPostprocessing = 0;
		};
		4AA0F8131A06DEC600E5756D /* Sources */ = {
			isa = PBXSourcesBuildPhase;
			buildActionMask = 2147483647;
			files = (
			);
			runOnlyForDeploymentPostprocessing = 0;
		};
/* End PBXSourcesBuildPhase section */

/* Begin PBXTargetDependency section */
		4AA0F81A1A06DEC600E5756D /* PBXTargetDependency */ = {
			isa = PBXTargetDependency;
			target = 4AA0F80B1A06DEC600E5756D /* JKGameKit */;
			targetProxy = 4AA0F8191A06DEC600E5756D /* PBXContainerItemProxy */;
		};
/* End PBXTargetDependency section */

/* Begin XCBuildConfiguration section */
		4AA0F81E1A06DEC600E5756D /* Debug */ = {
			isa = XCBuildConfiguration;
			buildSettings = {
				ALWAYS_SEARCH_USER_PATHS = NO;
				CLANG_CXX_LANGUAGE_STANDARD = "gnu++0x";
				CLANG_CXX_LIBRARY = "libc++";
				CLANG_ENABLE_MODULES = YES;
				CLANG_ENABLE_OBJC_ARC = YES;
				CLANG_WARN_BOOL_CONVERSION = YES;
				CLANG_WARN_CONSTANT_CONVERSION = YES;
				CLANG_WARN_DIRECT_OBJC_ISA_USAGE = YES_ERROR;
				CLANG_WARN_EMPTY_BODY = YES;
				CLANG_WARN_ENUM_CONVERSION = YES;
				CLANG_WARN_INT_CONVERSION = YES;
				CLANG_WARN_OBJC_ROOT_CLASS = YES_ERROR;
				CLANG_WARN_UNREACHABLE_CODE = YES;
				CLANG_WARN__DUPLICATE_METHOD_MATCH = YES;
				COPY_PHASE_STRIP = NO;
				ENABLE_STRICT_OBJC_MSGSEND = YES;
				GCC_C_LANGUAGE_STANDARD = gnu99;
				GCC_DYNAMIC_NO_PIC = NO;
				GCC_OPTIMIZATION_LEVEL = 0;
				GCC_PREPROCESSOR_DEFINITIONS = (
					"DEBUG=1",
					"$(inherited)",
				);
				GCC_SYMBOLS_PRIVATE_EXTERN = NO;
				GCC_WARN_64_TO_32_BIT_CONVERSION = YES;
				GCC_WARN_ABOUT_RETURN_TYPE = YES_ERROR;
				GCC_WARN_UNDECLARED_SELECTOR = YES;
				GCC_WARN_UNINITIALIZED_AUTOS = YES_AGGRESSIVE;
				GCC_WARN_UNUSED_FUNCTION = YES;
				GCC_WARN_UNUSED_VARIABLE = YES;
				IPHONEOS_DEPLOYMENT_TARGET = 8.1;
				MTL_ENABLE_DEBUG_INFO = YES;
				ONLY_ACTIVE_ARCH = YES;
				SDKROOT = iphoneos;
			};
			name = Debug;
		};
		4AA0F81F1A06DEC600E5756D /* Release */ = {
			isa = XCBuildConfiguration;
			buildSettings = {
				ALWAYS_SEARCH_USER_PATHS = NO;
				CLANG_CXX_LANGUAGE_STANDARD = "gnu++0x";
				CLANG_CXX_LIBRARY = "libc++";
				CLANG_ENABLE_MODULES = YES;
				CLANG_ENABLE_OBJC_ARC = YES;
				CLANG_WARN_BOOL_CONVERSION = YES;
				CLANG_WARN_CONSTANT_CONVERSION = YES;
				CLANG_WARN_DIRECT_OBJC_ISA_USAGE = YES_ERROR;
				CLANG_WARN_EMPTY_BODY = YES;
				CLANG_WARN_ENUM_CONVERSION = YES;
				CLANG_WARN_INT_CONVERSION = YES;
				CLANG_WARN_OBJC_ROOT_CLASS = YES_ERROR;
				CLANG_WARN_UNREACHABLE_CODE = YES;
				CLANG_WARN__DUPLICATE_METHOD_MATCH = YES;
				COPY_PHASE_STRIP = YES;
				ENABLE_NS_ASSERTIONS = NO;
				ENABLE_STRICT_OBJC_MSGSEND = YES;
				GCC_C_LANGUAGE_STANDARD = gnu99;
				GCC_WARN_64_TO_32_BIT_CONVERSION = YES;
				GCC_WARN_ABOUT_RETURN_TYPE = YES_ERROR;
				GCC_WARN_UNDECLARED_SELECTOR = YES;
				GCC_WARN_UNINITIALIZED_AUTOS = YES_AGGRESSIVE;
				GCC_WARN_UNUSED_FUNCTION = YES;
				GCC_WARN_UNUSED_VARIABLE = YES;
				IPHONEOS_DEPLOYMENT_TARGET = 8.1;
				MTL_ENABLE_DEBUG_INFO = NO;
				SDKROOT = iphoneos;
				VALIDATE_PRODUCT = YES;
			};
			name = Release;
		};
		4AA0F8211A06DEC600E5756D /* Debug */ = {
			isa = XCBuildConfiguration;
			buildSettings = {
				CODE_SIGN_IDENTITY = "iPhone Developer: Jussi Kallio (HL6XFY29QJ)";
				HEADER_SEARCH_PATHS = (
					"$(inherited)",
					/Applications/Xcode.app/Contents/Developer/Toolchains/XcodeDefault.xctoolchain/usr/include,
					/usr/include/libxml2,
				);
				OTHER_LDFLAGS = "-ObjC";
				PRODUCT_NAME = "$(TARGET_NAME)";
				PROVISIONING_PROFILE = "";
				SKIP_INSTALL = YES;
			};
			name = Debug;
		};
		4AA0F8221A06DEC600E5756D /* Release */ = {
			isa = XCBuildConfiguration;
			buildSettings = {
				CODE_SIGN_IDENTITY = "iPhone Developer: Jussi Kallio (HL6XFY29QJ)";
				HEADER_SEARCH_PATHS = (
					"$(inherited)",
					/Applications/Xcode.app/Contents/Developer/Toolchains/XcodeDefault.xctoolchain/usr/include,
					/usr/include/libxml2,
				);
				OTHER_LDFLAGS = "-ObjC";
				PRODUCT_NAME = "$(TARGET_NAME)";
				PROVISIONING_PROFILE = "";
				SKIP_INSTALL = YES;
			};
			name = Release;
		};
		4AA0F8241A06DEC600E5756D /* Debug */ = {
			isa = XCBuildConfiguration;
			buildSettings = {
				FRAMEWORK_SEARCH_PATHS = (
					"$(SDKROOT)/Developer/Library/Frameworks",
					"$(inherited)",
				);
				GCC_PREPROCESSOR_DEFINITIONS = (
					"DEBUG=1",
					"$(inherited)",
				);
				INFOPLIST_FILE = JKGameKitTests/Info.plist;
				LD_RUNPATH_SEARCH_PATHS = "$(inherited) @executable_path/Frameworks @loader_path/Frameworks";
				PRODUCT_NAME = "$(TARGET_NAME)";
			};
			name = Debug;
		};
		4AA0F8251A06DEC600E5756D /* Release */ = {
			isa = XCBuildConfiguration;
			buildSettings = {
				FRAMEWORK_SEARCH_PATHS = (
					"$(SDKROOT)/Developer/Library/Frameworks",
					"$(inherited)",
				);
				INFOPLIST_FILE = JKGameKitTests/Info.plist;
				LD_RUNPATH_SEARCH_PATHS = "$(inherited) @executable_path/Frameworks @loader_path/Frameworks";
				PRODUCT_NAME = "$(TARGET_NAME)";
			};
			name = Release;
		};
/* End XCBuildConfiguration section */

/* Begin XCConfigurationList section */
		4AA0F8071A06DEC600E5756D /* Build configuration list for PBXProject "JKGameKit" */ = {
			isa = XCConfigurationList;
			buildConfigurations = (
				4AA0F81E1A06DEC600E5756D /* Debug */,
				4AA0F81F1A06DEC600E5756D /* Release */,
			);
			defaultConfigurationIsVisible = 0;
			defaultConfigurationName = Release;
		};
		4AA0F8201A06DEC600E5756D /* Build configuration list for PBXNativeTarget "JKGameKit" */ = {
			isa = XCConfigurationList;
			buildConfigurations = (
				4AA0F8211A06DEC600E5756D /* Debug */,
				4AA0F8221A06DEC600E5756D /* Release */,
			);
			defaultConfigurationIsVisible = 0;
			defaultConfigurationName = Release;
		};
		4AA0F8231A06DEC600E5756D /* Build configuration list for PBXNativeTarget "JKGameKitTests" */ = {
			isa = XCConfigurationList;
			buildConfigurations = (
				4AA0F8241A06DEC600E5756D /* Debug */,
				4AA0F8251A06DEC600E5756D /* Release */,
			);
			defaultConfigurationIsVisible = 0;
			defaultConfigurationName = Release;
		};
/* End XCConfigurationList section */
	};
	rootObject = 4AA0F8041A06DEC600E5756D /* Project object */;
}
